{
  "name": "vercel-basic-auth",
  "version": "1.0.0",
  "lockfileVersion": 2,
  "requires": true,
  "packages": {
    "": {
      "name": "vercel-basic-auth",
      "version": "1.0.0",
      "license": "ISC",
      "dependencies": {
        "@vercel/edge": "^0.3.4"
      }
    },
    "node_modules/@vercel/edge": {
      "version": "0.3.4",
      "resolved": "https://registry.npmjs.org/@vercel/edge/-/edge-0.3.4.tgz",
      "integrity": "sha512-dFU+yAUDQRwpuRGxRDlEO1LMq0y1LGsBgkyryQWe4w15/Fy2/lCnpvdIoAhHl3QvIGAxCLHzwRHsqfLRdpxgJQ=="
    }
  },
  "dependencies": {
    "@vercel/edge": {
      "version": "0.3.4",
      "resolved": "https://registry.npmjs.org/@vercel/edge/-/edge-0.3.4.tgz",
      "integrity": "sha512-dFU+yAUDQRwpuRGxRDlEO1LMq0y1LGsBgkyryQWe4w15/Fy2/lCnpvdIoAhHl3QvIGAxCLHzwRHsqfLRdpxgJQ=="
    }
  }
}
